{
  "name": "v_expressnotify",
  "version": "1.0.0",
  "lockfileVersion": 2,
  "requires": true,
  "packages": {
    "": {
      "name": "v_expressnotify",
      "version": "1.0.0",
      "license": "ISC",
      "dependencies": {
        "v_execute": "^1.0.0",
        "v_file_system": "^1.0.1"
      }
    },
    "node_modules/v_execute": {
      "version": "1.0.0",
      "resolved": "https://registry.npmjs.org/v_execute/-/v_execute-1.0.0.tgz",
      "integrity": "sha512-HQ7aJAZ0X0xylPqK3yQ7XpUFgrl+2pZFUgAiQDfaLdfQJSlQNSuuuHB/ZCcbVoBY2UOxJOk4VBy/EgGZTkEZTw=="
    },
    "node_modules/v_file_system": {
      "version": "1.0.1",
      "resolved": "https://registry.npmjs.org/v_file_system/-/v_file_system-1.0.1.tgz",
      "integrity": "sha512-R6Fq6utRQA0vngxvp9vHG8oqbsoy9W5mg1p9Sk0ngbYPIRFKuBdqualY8kaxsWfWLugCPTQPrGFMdrNZehbngg=="
    }
  },
  "dependencies": {
    "v_execute": {
      "version": "1.0.0",
      "resolved": "https://registry.npmjs.org/v_execute/-/v_execute-1.0.0.tgz",
      "integrity": "sha512-HQ7aJAZ0X0xylPqK3yQ7XpUFgrl+2pZFUgAiQDfaLdfQJSlQNSuuuHB/ZCcbVoBY2UOxJOk4VBy/EgGZTkEZTw=="
    },
    "v_file_system": {
      "version": "1.0.1",
      "resolved": "https://registry.npmjs.org/v_file_system/-/v_file_system-1.0.1.tgz",
      "integrity": "sha512-R6Fq6utRQA0vngxvp9vHG8oqbsoy9W5mg1p9Sk0ngbYPIRFKuBdqualY8kaxsWfWLugCPTQPrGFMdrNZehbngg=="
    }
  }
}
